PODS:
  - OpenSSL-Universal (1.0.2.17)

DEPENDENCIES:
  - OpenSSL-Universal (from `https://github.com/krzyzanowskim/OpenSSL.git`, branch `1.0.2.17`)

EXTERNAL SOURCES:
  OpenSSL-Universal:
    :branch: 1.0.2.17
    :git: https://github.com/krzyzanowskim/OpenSSL.git

CHECKOUT OPTIONS:
  OpenSSL-Universal:
    :commit: 990bd88219da80d7a77289aeae245b3eb400d834
    :git: https://github.com/krzyzanowskim/OpenSSL.git

SPEC CHECKSUMS:
  OpenSSL-Universal: ff04c2e6befc3f1247ae039e60c93f76345b3b5a

PODFILE CHECKSUM: 14c7ad87cd08b23ebd555b2fc5834ba9bf12a362

COCOAPODS: 1.7.2
