PODS:
  - NFCPassportReader (0.0.12):
    - OpenSSL-Universal/Framework
  - OpenSSL-Universal/Framework (1.0.2.19)

DEPENDENCIES:
  - NFCPassportReader (from `../`)

SPEC REPOS:
  trunk:
    - OpenSSL-Universal

EXTERNAL SOURCES:
  NFCPassportReader:
    :path: "../"

SPEC CHECKSUMS:
  NFCPassportReader: 70ed390bf3f6e74ee348926437c36b9c1660331f
  OpenSSL-Universal: 8b48cc0d10c1b2923617dfe5c178aa9ed2689355

PODFILE CHECKSUM: cba8f9af3aceeccb342fb175402f00e776471e8a

COCOAPODS: 1.8.4
