PODS:
  - OpenSSL-Universal (1.0.2.18):
    - OpenSSL-Universal/Static (= 1.0.2.18)
  - OpenSSL-Universal/Static (1.0.2.18)

DEPENDENCIES:
  - OpenSSL-Universal (from `https://github.com/krzyzanowskim/OpenSSL.git`, branch `master`)

EXTERNAL SOURCES:
  OpenSSL-Universal:
    :branch: :master
    :git: https://github.com/krzyzanowskim/OpenSSL.git

CHECKOUT OPTIONS:
  OpenSSL-Universal:
    :commit: 273a1f5097a9b7b8101c5678e2dd68ec015e22d5
    :git: https://github.com/krzyzanowskim/OpenSSL.git

SPEC CHECKSUMS:
  OpenSSL-Universal: d10ab08e0b258023e5184f77660b1b9f4ec93926

PODFILE CHECKSUM: 73be3d5c893cea54ad8a9d763c98edf42c3c432c

COCOAPODS: 1.7.2
