{
  "object": {
    "pins": [
      {
        "package": "NFCPassportReader",
        "repositoryURL": "https://github.com/AndyQ/NFCPassportReader.git",
        "state": {
          "branch": null,
          "revision": "f8b23ffc28fd12d2e6937e6be43885b9ccdbaf38",
          "version": "0.0.8"
        }
      }
    ]
  },
  "version": 1
}
