// !$*UTF8*$!
{
	archiveVersion = 1;
	classes = {
	};
	objectVersion = 52;
	objects = {

/* Begin PBXBuildFile section */
		A16EB23122A9E9E10008F53F /* AppDelegate.swift in Sources */ = {isa = PBXBuildFile; fileRef = A16EB23022A9E9E10008F53F /* AppDelegate.swift */; };
		A16EB23322A9E9E10008F53F /* SceneDelegate.swift in Sources */ = {isa = PBXBuildFile; fileRef = A16EB23222A9E9E10008F53F /* SceneDelegate.swift */; };
		A16EB23A22A9E9E20008F53F /* Assets.xcassets in Resources */ = {isa = PBXBuildFile; fileRef = A16EB23922A9E9E20008F53F /* Assets.xcassets */; };
		A16EB23D22A9E9E20008F53F /* LaunchScreen.storyboard in Resources */ = {isa = PBXBuildFile; fileRef = A16EB23B22A9E9E20008F53F /* LaunchScreen.storyboard */; };
		A16FC0CA22B11E7200144B5B /* NFCPassportReader in Frameworks */ = {isa = PBXBuildFile; productRef = A16FC0C922B11E7200144B5B /* NFCPassportReader */; };
		A1EA699E22B6C3AC00938BF7 /* DetailView.swift in Sources */ = {isa = PBXBuildFile; fileRef = A1EA699D22B6C3AC00938BF7 /* DetailView.swift */; };
		A1EA69A322B7921800938BF7 /* MainView.swift in Sources */ = {isa = PBXBuildFile; fileRef = A1EA69A222B7921800938BF7 /* MainView.swift */; };
/* End PBXBuildFile section */

/* Begin PBXFileReference section */
		A133D55F22B3D5A000E928EB /* NFCPassportReader */ = {isa = PBXFileReference; lastKnownFileType = folder; name = NFCPassportReader; path = ..; sourceTree = "<group>"; };
		A16EB22D22A9E9E10008F53F /* NFCPassportReaderApp.app */ = {isa = PBXFileReference; explicitFileType = wrapper.application; includeInIndex = 0; path = NFCPassportReaderApp.app; sourceTree = BUILT_PRODUCTS_DIR; };
		A16EB23022A9E9E10008F53F /* AppDelegate.swift */ = {isa = PBXFileReference; lastKnownFileType = sourcecode.swift; path = AppDelegate.swift; sourceTree = "<group>"; };
		A16EB23222A9E9E10008F53F /* SceneDelegate.swift */ = {isa = PBXFileReference; lastKnownFileType = sourcecode.swift; path = SceneDelegate.swift; sourceTree = "<group>"; };
		A16EB23922A9E9E20008F53F /* Assets.xcassets */ = {isa = PBXFileReference; lastKnownFileType = folder.assetcatalog; path = Assets.xcassets; sourceTree = "<group>"; };
		A16EB23C22A9E9E20008F53F /* Base */ = {isa = PBXFileReference; lastKnownFileType = file.storyboard; name = Base; path = Base.lproj/LaunchScreen.storyboard; sourceTree = "<group>"; };
		A16EB23E22A9E9E20008F53F /* Info.plist */ = {isa = PBXFileReference; lastKnownFileType = text.plist.xml; path = Info.plist; sourceTree = "<group>"; };
		A16EB24422A9EA000008F53F /* NFCPassportReader.entitlements */ = {isa = PBXFileReference; lastKnownFileType = text.plist.entitlements; path = NFCPassportReader.entitlements; sourceTree = "<group>"; };
		A1EA699D22B6C3AC00938BF7 /* DetailView.swift */ = {isa = PBXFileReference; lastKnownFileType = sourcecode.swift; path = DetailView.swift; sourceTree = "<group>"; };
		A1EA69A222B7921800938BF7 /* MainView.swift */ = {isa = PBXFileReference; fileEncoding = 4; lastKnownFileType = sourcecode.swift; path = MainView.swift; sourceTree = "<group>"; };
/* End PBXFileReference section */

/* Begin PBXFrameworksBuildPhase section */
		A16EB22A22A9E9E10008F53F /* Frameworks */ = {
			isa = PBXFrameworksBuildPhase;
			buildActionMask = 2147483647;
			files = (
				A16FC0CA22B11E7200144B5B /* NFCPassportReader in Frameworks */,
			);
			runOnlyForDeploymentPostprocessing = 0;
		};
/* End PBXFrameworksBuildPhase section */

/* Begin PBXGroup section */
		A16EB22422A9E9E10008F53F = {
			isa = PBXGroup;
			children = (
				A133D55F22B3D5A000E928EB /* NFCPassportReader */,
				A16EB22F22A9E9E10008F53F /* NFCPassportReaderApp */,
				A16EB22E22A9E9E10008F53F /* Products */,
				A16FC0C222B0F22C00144B5B /* Frameworks */,
			);
			sourceTree = "<group>";
		};
		A16EB22E22A9E9E10008F53F /* Products */ = {
			isa = PBXGroup;
			children = (
				A16EB22D22A9E9E10008F53F /* NFCPassportReaderApp.app */,
			);
			name = Products;
			sourceTree = "<group>";
		};
		A16EB22F22A9E9E10008F53F /* NFCPassportReaderApp */ = {
			isa = PBXGroup;
			children = (
				A16EB24422A9EA000008F53F /* NFCPassportReader.entitlements */,
				A16EB23022A9E9E10008F53F /* AppDelegate.swift */,
				A16EB23222A9E9E10008F53F /* SceneDelegate.swift */,
				A1EA69A222B7921800938BF7 /* MainView.swift */,
				A1EA699D22B6C3AC00938BF7 /* DetailView.swift */,
				A16EB23922A9E9E20008F53F /* Assets.xcassets */,
				A16EB23B22A9E9E20008F53F /* LaunchScreen.storyboard */,
				A16EB23E22A9E9E20008F53F /* Info.plist */,
			);
			path = NFCPassportReaderApp;
			sourceTree = "<group>";
		};
		A16FC0C222B0F22C00144B5B /* Frameworks */ = {
			isa = PBXGroup;
			children = (
			);
			name = Frameworks;
			sourceTree = "<group>";
		};
/* End PBXGroup section */

/* Begin PBXNativeTarget section */
		A16EB22C22A9E9E10008F53F /* NFCPassportReaderApp */ = {
			isa = PBXNativeTarget;
			buildConfigurationList = A16EB24122A9E9E20008F53F /* Build configuration list for PBXNativeTarget "NFCPassportReaderApp" */;
			buildPhases = (
				A16EB22922A9E9E10008F53F /* Sources */,
				A16EB22A22A9E9E10008F53F /* Frameworks */,
				A16EB22B22A9E9E10008F53F /* Resources */,
			);
			buildRules = (
			);
			dependencies = (
			);
			name = NFCPassportReaderApp;
			packageProductDependencies = (
				A16FC0C922B11E7200144B5B /* NFCPassportReader */,
			);
			productName = NFCTest;
			productReference = A16EB22D22A9E9E10008F53F /* NFCPassportReaderApp.app */;
			productType = "com.apple.product-type.application";
		};
/* End PBXNativeTarget section */

/* Begin PBXProject section */
		A16EB22522A9E9E10008F53F /* Project object */ = {
			isa = PBXProject;
			attributes = {
				LastSwiftUpdateCheck = 1100;
				LastUpgradeCheck = 1100;
				ORGANIZATIONNAME = "Andy Qua";
				TargetAttributes = {
					A16EB22C22A9E9E10008F53F = {
						CreatedOnToolsVersion = 11.0;
						LastSwiftMigration = 1100;
					};
				};
			};
			buildConfigurationList = A16EB22822A9E9E10008F53F /* Build configuration list for PBXProject "NFCPassportReaderApp" */;
			compatibilityVersion = "Xcode 9.3";
			developmentRegion = en;
			hasScannedForEncodings = 0;
			knownRegions = (
				en,
				Base,
			);
			mainGroup = A16EB22422A9E9E10008F53F;
			packageReferences = (
				A16FC0C822B11E7200144B5B /* XCRemoteSwiftPackageReference "NFCPassportReader" */,
			);
			productRefGroup = A16EB22E22A9E9E10008F53F /* Products */;
			projectDirPath = "";
			projectRoot = "";
			targets = (
				A16EB22C22A9E9E10008F53F /* NFCPassportReaderApp */,
			);
		};
/* End PBXProject section */

/* Begin PBXResourcesBuildPhase section */
		A16EB22B22A9E9E10008F53F /* Resources */ = {
			isa = PBXResourcesBuildPhase;
			buildActionMask = 2147483647;
			files = (
				A16EB23D22A9E9E20008F53F /* LaunchScreen.storyboard in Resources */,
				A16EB23A22A9E9E20008F53F /* Assets.xcassets in Resources */,
			);
			runOnlyForDeploymentPostprocessing = 0;
		};
/* End PBXResourcesBuildPhase section */

/* Begin PBXSourcesBuildPhase section */
		A16EB22922A9E9E10008F53F /* Sources */ = {
			isa = PBXSourcesBuildPhase;
			buildActionMask = 2147483647;
			files = (
				A1EA699E22B6C3AC00938BF7 /* DetailView.swift in Sources */,
				A16EB23122A9E9E10008F53F /* AppDelegate.swift in Sources */,
				A16EB23322A9E9E10008F53F /* SceneDelegate.swift in Sources */,
				A1EA69A322B7921800938BF7 /* MainView.swift in Sources */,
			);
			runOnlyForDeploymentPostprocessing = 0;
		};
/* End PBXSourcesBuildPhase section */

/* Begin PBXVariantGroup section */
		A16EB23B22A9E9E20008F53F /* LaunchScreen.storyboard */ = {
			isa = PBXVariantGroup;
			children = (
				A16EB23C22A9E9E20008F53F /* Base */,
			);
			name = LaunchScreen.storyboard;
			sourceTree = "<group>";
		};
/* End PBXVariantGroup section */

/* Begin XCBuildConfiguration section */
		A16EB23F22A9E9E20008F53F /* Debug */ = {
			isa = XCBuildConfiguration;
			buildSettings = {
				ALWAYS_SEARCH_USER_PATHS = NO;
				CLANG_ANALYZER_NONNULL = YES;
				CLANG_ANALYZER_NUMBER_OBJECT_CONVERSION = YES_AGGRESSIVE;
				CLANG_CXX_LANGUAGE_STANDARD = "gnu++14";
				CLANG_CXX_LIBRARY = "libc++";
				CLANG_ENABLE_MODULES = YES;
				CLANG_ENABLE_OBJC_ARC = YES;
				CLANG_ENABLE_OBJC_WEAK = YES;
				CLANG_WARN_BLOCK_CAPTURE_AUTORELEASING = YES;
				CLANG_WARN_BOOL_CONVERSION = YES;
				CLANG_WARN_COMMA = YES;
				CLANG_WARN_CONSTANT_CONVERSION = YES;
				CLANG_WARN_DEPRECATED_OBJC_IMPLEMENTATIONS = YES;
				CLANG_WARN_DIRECT_OBJC_ISA_USAGE = YES_ERROR;
				CLANG_WARN_DOCUMENTATION_COMMENTS = YES;
				CLANG_WARN_EMPTY_BODY = YES;
				CLANG_WARN_ENUM_CONVERSION = YES;
				CLANG_WARN_INFINITE_RECURSION = YES;
				CLANG_WARN_INT_CONVERSION = YES;
				CLANG_WARN_NON_LITERAL_NULL_CONVERSION = YES;
				CLANG_WARN_OBJC_IMPLICIT_RETAIN_SELF = YES;
				CLANG_WARN_OBJC_LITERAL_CONVERSION = YES;
				CLANG_WARN_OBJC_ROOT_CLASS = YES_ERROR;
				CLANG_WARN_RANGE_LOOP_ANALYSIS = YES;
				CLANG_WARN_STRICT_PROTOTYPES = YES;
				CLANG_WARN_SUSPICIOUS_MOVE = YES;
				CLANG_WARN_UNGUARDED_AVAILABILITY = YES_AGGRESSIVE;
				CLANG_WARN_UNREACHABLE_CODE = YES;
				CLANG_WARN__DUPLICATE_METHOD_MATCH = YES;
				COPY_PHASE_STRIP = NO;
				DEBUG_INFORMATION_FORMAT = dwarf;
				ENABLE_STRICT_OBJC_MSGSEND = YES;
				ENABLE_TESTABILITY = YES;
				GCC_C_LANGUAGE_STANDARD = gnu11;
				GCC_DYNAMIC_NO_PIC = NO;
				GCC_NO_COMMON_BLOCKS = YES;
				GCC_OPTIMIZATION_LEVEL = 0;
				GCC_PREPROCESSOR_DEFINITIONS = (
					"DEBUG=1",
					"$(inherited)",
				);
				GCC_WARN_64_TO_32_BIT_CONVERSION = YES;
				GCC_WARN_ABOUT_RETURN_TYPE = YES_ERROR;
				GCC_WARN_UNDECLARED_SELECTOR = YES;
				GCC_WARN_UNINITIALIZED_AUTOS = YES_AGGRESSIVE;
				GCC_WARN_UNUSED_FUNCTION = YES;
				GCC_WARN_UNUSED_VARIABLE = YES;
				IPHONEOS_DEPLOYMENT_TARGET = 13.0;
				MTL_ENABLE_DEBUG_INFO = INCLUDE_SOURCE;
				MTL_FAST_MATH = YES;
				ONLY_ACTIVE_ARCH = YES;
				SDKROOT = iphoneos;
				SWIFT_ACTIVE_COMPILATION_CONDITIONS = DEBUG;
				SWIFT_OPTIMIZATION_LEVEL = "-Onone";
			};
			name = Debug;
		};
		A16EB24022A9E9E20008F53F /* Release */ = {
			isa = XCBuildConfiguration;
			buildSettings = {
				ALWAYS_SEARCH_USER_PATHS = NO;
				CLANG_ANALYZER_NONNULL = YES;
				CLANG_ANALYZER_NUMBER_OBJECT_CONVERSION = YES_AGGRESSIVE;
				CLANG_CXX_LANGUAGE_STANDARD = "gnu++14";
				CLANG_CXX_LIBRARY = "libc++";
				CLANG_ENABLE_MODULES = YES;
				CLANG_ENABLE_OBJC_ARC = YES;
				CLANG_ENABLE_OBJC_WEAK = YES;
				CLANG_WARN_BLOCK_CAPTURE_AUTORELEASING = YES;
				CLANG_WARN_BOOL_CONVERSION = YES;
				CLANG_WARN_COMMA = YES;
				CLANG_WARN_CONSTANT_CONVERSION = YES;
				CLANG_WARN_DEPRECATED_OBJC_IMPLEMENTATIONS = YES;
				CLANG_WARN_DIRECT_OBJC_ISA_USAGE = YES_ERROR;
				CLANG_WARN_DOCUMENTATION_COMMENTS = YES;
				CLANG_WARN_EMPTY_BODY = YES;
				CLANG_WARN_ENUM_CONVERSION = YES;
				CLANG_WARN_INFINITE_RECURSION = YES;
				CLANG_WARN_INT_CONVERSION = YES;
				CLANG_WARN_NON_LITERAL_NULL_CONVERSION = YES;
				CLANG_WARN_OBJC_IMPLICIT_RETAIN_SELF = YES;
				CLANG_WARN_OBJC_LITERAL_CONVERSION = YES;
				CLANG_WARN_OBJC_ROOT_CLASS = YES_ERROR;
				CLANG_WARN_RANGE_LOOP_ANALYSIS = YES;
				CLANG_WARN_STRICT_PROTOTYPES = YES;
				CLANG_WARN_SUSPICIOUS_MOVE = YES;
				CLANG_WARN_UNGUARDED_AVAILABILITY = YES_AGGRESSIVE;
				CLANG_WARN_UNREACHABLE_CODE = YES;
				CLANG_WARN__DUPLICATE_METHOD_MATCH = YES;
				COPY_PHASE_STRIP = NO;
				DEBUG_INFORMATION_FORMAT = "dwarf-with-dsym";
				ENABLE_NS_ASSERTIONS = NO;
				ENABLE_STRICT_OBJC_MSGSEND = YES;
				GCC_C_LANGUAGE_STANDARD = gnu11;
				GCC_NO_COMMON_BLOCKS = YES;
				GCC_WARN_64_TO_32_BIT_CONVERSION = YES;
				GCC_WARN_ABOUT_RETURN_TYPE = YES_ERROR;
				GCC_WARN_UNDECLARED_SELECTOR = YES;
				GCC_WARN_UNINITIALIZED_AUTOS = YES_AGGRESSIVE;
				GCC_WARN_UNUSED_FUNCTION = YES;
				GCC_WARN_UNUSED_VARIABLE = YES;
				IPHONEOS_DEPLOYMENT_TARGET = 13.0;
				MTL_ENABLE_DEBUG_INFO = NO;
				MTL_FAST_MATH = YES;
				SDKROOT = iphoneos;
				SWIFT_COMPILATION_MODE = wholemodule;
				SWIFT_OPTIMIZATION_LEVEL = "-O";
				VALIDATE_PRODUCT = YES;
			};
			name = Release;
		};
		A16EB24222A9E9E20008F53F /* Debug */ = {
			isa = XCBuildConfiguration;
			buildSettings = {
				ASSETCATALOG_COMPILER_APPICON_NAME = AppIcon;
				CLANG_ENABLE_MODULES = YES;
				CODE_SIGN_ENTITLEMENTS = NFCPassportReaderApp/NFCPassportReader.entitlements;
				CODE_SIGN_STYLE = Automatic;
				DEVELOPMENT_TEAM = A4ZM73UFF5;
				INFOPLIST_FILE = NFCPassportReaderApp/Info.plist;
				LD_RUNPATH_SEARCH_PATHS = (
					"$(inherited)",
					"@executable_path/Frameworks",
				);
				PRODUCT_BUNDLE_IDENTIFIER = com.andyqua.nfcpassportreader;
				PRODUCT_NAME = "$(TARGET_NAME)";
				SWIFT_OPTIMIZATION_LEVEL = "-Onone";
				SWIFT_VERSION = 5.0;
				TARGETED_DEVICE_FAMILY = 1;
			};
			name = Debug;
		};
		A16EB24322A9E9E20008F53F /* Release */ = {
			isa = XCBuildConfiguration;
			buildSettings = {
				ASSETCATALOG_COMPILER_APPICON_NAME = AppIcon;
				CLANG_ENABLE_MODULES = YES;
				CODE_SIGN_ENTITLEMENTS = NFCPassportReaderApp/NFCPassportReader.entitlements;
				CODE_SIGN_STYLE = Automatic;
				DEVELOPMENT_TEAM = A4ZM73UFF5;
				INFOPLIST_FILE = NFCPassportReaderApp/Info.plist;
				LD_RUNPATH_SEARCH_PATHS = (
					"$(inherited)",
					"@executable_path/Frameworks",
				);
				PRODUCT_BUNDLE_IDENTIFIER = com.andyqua.nfcpassportreader;
				PRODUCT_NAME = "$(TARGET_NAME)";
				SWIFT_VERSION = 5.0;
				TARGETED_DEVICE_FAMILY = 1;
			};
			name = Release;
		};
/* End XCBuildConfiguration section */

/* Begin XCConfigurationList section */
		A16EB22822A9E9E10008F53F /* Build configuration list for PBXProject "NFCPassportReaderApp" */ = {
			isa = XCConfigurationList;
			buildConfigurations = (
				A16EB23F22A9E9E20008F53F /* Debug */,
				A16EB24022A9E9E20008F53F /* Release */,
			);
			defaultConfigurationIsVisible = 0;
			defaultConfigurationName = Release;
		};
		A16EB24122A9E9E20008F53F /* Build configuration list for PBXNativeTarget "NFCPassportReaderApp" */ = {
			isa = XCConfigurationList;
			buildConfigurations = (
				A16EB24222A9E9E20008F53F /* Debug */,
				A16EB24322A9E9E20008F53F /* Release */,
			);
			defaultConfigurationIsVisible = 0;
			defaultConfigurationName = Release;
		};
/* End XCConfigurationList section */

/* Begin XCRemoteSwiftPackageReference section */
		A16FC0C822B11E7200144B5B /* XCRemoteSwiftPackageReference "NFCPassportReader" */ = {
			isa = XCRemoteSwiftPackageReference;
			repositoryURL = "https://github.com/AndyQ/NFCPassportReader.git";
			requirement = {
				kind = upToNextMajorVersion;
				minimumVersion = 0.0.0;
			};
		};
/* End XCRemoteSwiftPackageReference section */

/* Begin XCSwiftPackageProductDependency section */
		A16FC0C922B11E7200144B5B /* NFCPassportReader */ = {
			isa = XCSwiftPackageProductDependency;
			package = A16FC0C822B11E7200144B5B /* XCRemoteSwiftPackageReference "NFCPassportReader" */;
			productName = NFCPassportReader;
		};
/* End XCSwiftPackageProductDependency section */
	};
	rootObject = A16EB22522A9E9E10008F53F /* Project object */;
}
