// !$*UTF8*$!
{
	archiveVersion = 1;
	classes = {
	};
	objectVersion = 51;
	objects = {

/* Begin PBXBuildFile section */
		28BAEE044BE68A5986B97866 /* Pods_NFCPassportReaderApp.framework in Frameworks */ = {isa = PBXBuildFile; fileRef = A7BD003B33886ED0F3F03325 /* Pods_NFCPassportReaderApp.framework */; };
		8C4EEF9CDD6DAFEF26F8909A /* Pods_NFCPassportReaderAppTests.framework in Frameworks */ = {isa = PBXBuildFile; fileRef = DA39DA603B1A7EBD8FC38112 /* Pods_NFCPassportReaderAppTests.framework */; };
		A1298C9F25D53A5C00F5713E /* ViewExt.swift in Sources */ = {isa = PBXBuildFile; fileRef = A1298C9E25D53A5C00F5713E /* ViewExt.swift */; };
		A1614B9225D5856600191749 /* ExportPassportView.swift in Sources */ = {isa = PBXBuildFile; fileRef = A1614B9125D5856600191749 /* ExportPassportView.swift */; };
		A16EB23122A9E9E10008F53F /* AppDelegate.swift in Sources */ = {isa = PBXBuildFile; fileRef = A16EB23022A9E9E10008F53F /* AppDelegate.swift */; };
		A16EB23322A9E9E10008F53F /* SceneDelegate.swift in Sources */ = {isa = PBXBuildFile; fileRef = A16EB23222A9E9E10008F53F /* SceneDelegate.swift */; };
		A16EB23A22A9E9E20008F53F /* Assets.xcassets in Resources */ = {isa = PBXBuildFile; fileRef = A16EB23922A9E9E20008F53F /* Assets.xcassets */; };
		A16EB23D22A9E9E20008F53F /* LaunchScreen.storyboard in Resources */ = {isa = PBXBuildFile; fileRef = A16EB23B22A9E9E20008F53F /* LaunchScreen.storyboard */; };
		A17134BE22C8EF7200C457C3 /* MainView.swift in Sources */ = {isa = PBXBuildFile; fileRef = A17134BD22C8EF7100C457C3 /* MainView.swift */; };
		A17134C022C8F0A600C457C3 /* PassportUtils.swift in Sources */ = {isa = PBXBuildFile; fileRef = A17134BF22C8F0A600C457C3 /* PassportUtils.swift */; };
		A17375F525F78B0D005995DA /* PACETests.swift in Sources */ = {isa = PBXBuildFile; fileRef = A17375F425F78B0C005995DA /* PACETests.swift */; };
		A1769DF725D3E318006002D1 /* SettingsStore.swift in Sources */ = {isa = PBXBuildFile; fileRef = A1769DF625D3E318006002D1 /* SettingsStore.swift */; };
		A1816E9C22C9059F00F546A0 /* PassportView.swift in Sources */ = {isa = PBXBuildFile; fileRef = A1816E9B22C9059F00F546A0 /* PassportView.swift */; };
		A18248C22369D17300581384 /* DetailsView.swift in Sources */ = {isa = PBXBuildFile; fileRef = A18248C12369D17300581384 /* DetailsView.swift */; };
		A182DE6125DD6F1300341204 /* StoredPassportView.swift in Sources */ = {isa = PBXBuildFile; fileRef = A182DE6025DD6F1300341204 /* StoredPassportView.swift */; };
		A182DE6325DD730D00341204 /* FileManagerExt.swift in Sources */ = {isa = PBXBuildFile; fileRef = A182DE6225DD730D00341204 /* FileManagerExt.swift */; };
		A182DE6825DD7EA600341204 /* MRZScannerViewController.swift in Sources */ = {isa = PBXBuildFile; fileRef = A182DE6725DD7EA600341204 /* MRZScannerViewController.swift */; };
		A1A13B9525B8A29E0026074C /* UIApplicationExt.swift in Sources */ = {isa = PBXBuildFile; fileRef = A1A13B9425B8A29E0026074C /* UIApplicationExt.swift */; };
		A1A4C0F725B5E4D70070908B /* Foundation.framework in Frameworks */ = {isa = PBXBuildFile; fileRef = A1A4C0F625B5E4D70070908B /* Foundation.framework */; };
		A1C234C225DD19DE003FFD79 /* PassportSummaryView.swift in Sources */ = {isa = PBXBuildFile; fileRef = A1C234C125DD19DE003FFD79 /* PassportSummaryView.swift */; };
		A1CE83AC22C91D1300E3EACF /* StringExt.swift in Sources */ = {isa = PBXBuildFile; fileRef = A1CE83AB22C91D1300E3EACF /* StringExt.swift */; };
		A1DD3F3F22C535F10067255C /* masterList.pem in Resources */ = {isa = PBXBuildFile; fileRef = A1DD3F3E22C535F00067255C /* masterList.pem */; };
		A1EBC5242370BAB2004DD19E /* DataGroupParsingTests.swift in Sources */ = {isa = PBXBuildFile; fileRef = A1EBC5212370BAB2004DD19E /* DataGroupParsingTests.swift */; };
		A1EBC5252370BAB2004DD19E /* NFCPassportReaderTests.swift in Sources */ = {isa = PBXBuildFile; fileRef = A1EBC5222370BAB2004DD19E /* NFCPassportReaderTests.swift */; };
		A1FDC52E25D3F15D00D22FF4 /* SettingsView.swift in Sources */ = {isa = PBXBuildFile; fileRef = A1FDC52D25D3F15D00D22FF4 /* SettingsView.swift */; };
		A1FDC53225D3F19E00D22FF4 /* ViewModifiers.swift in Sources */ = {isa = PBXBuildFile; fileRef = A1FDC53125D3F19E00D22FF4 /* ViewModifiers.swift */; };
		A1FDC53425D3F1DE00D22FF4 /* CheckBoxView.swift in Sources */ = {isa = PBXBuildFile; fileRef = A1FDC53325D3F1DE00D22FF4 /* CheckBoxView.swift */; };
		A1FDC53625D43AB400D22FF4 /* MRZEntryView.swift in Sources */ = {isa = PBXBuildFile; fileRef = A1FDC53525D43AB400D22FF4 /* MRZEntryView.swift */; };
/* End PBXBuildFile section */

/* Begin PBXContainerItemProxy section */
		A1EBC5122370B88D004DD19E /* PBXContainerItemProxy */ = {
			isa = PBXContainerItemProxy;
			containerPortal = A16EB22522A9E9E10008F53F /* Project object */;
			proxyType = 1;
			remoteGlobalIDString = A16EB22C22A9E9E10008F53F;
			remoteInfo = NFCPassportReaderApp;
		};
/* End PBXContainerItemProxy section */

/* Begin PBXFileReference section */
		29684A8780D423313153D8B6 /* Pods-NFCPassportReaderAppTests.release.xcconfig */ = {isa = PBXFileReference; includeInIndex = 1; lastKnownFileType = text.xcconfig; name = "Pods-NFCPassportReaderAppTests.release.xcconfig"; path = "Target Support Files/Pods-NFCPassportReaderAppTests/Pods-NFCPassportReaderAppTests.release.xcconfig"; sourceTree = "<group>"; };
		3B684038F7C81C32BA310074 /* Pods-NFCPassportReaderAppTests.debug.xcconfig */ = {isa = PBXFileReference; includeInIndex = 1; lastKnownFileType = text.xcconfig; name = "Pods-NFCPassportReaderAppTests.debug.xcconfig"; path = "Target Support Files/Pods-NFCPassportReaderAppTests/Pods-NFCPassportReaderAppTests.debug.xcconfig"; sourceTree = "<group>"; };
		574315DEF74ED0B9CC6A8DC7 /* Pods-NFCPassportReaderApp.debug.xcconfig */ = {isa = PBXFileReference; includeInIndex = 1; lastKnownFileType = text.xcconfig; name = "Pods-NFCPassportReaderApp.debug.xcconfig"; path = "Target Support Files/Pods-NFCPassportReaderApp/Pods-NFCPassportReaderApp.debug.xcconfig"; sourceTree = "<group>"; };
		A1095E982588FBB100D2A46A /* CHANGELOG */ = {isa = PBXFileReference; lastKnownFileType = text; name = CHANGELOG; path = ../../CHANGELOG; sourceTree = "<group>"; };
		A1095E9B2589032D00D2A46A /* readme.md */ = {isa = PBXFileReference; lastKnownFileType = net.daringfireball.markdown; name = readme.md; path = ../../readme.md; sourceTree = "<group>"; };
		A1298C9E25D53A5C00F5713E /* ViewExt.swift */ = {isa = PBXFileReference; lastKnownFileType = sourcecode.swift; path = ViewExt.swift; sourceTree = "<group>"; };
		A1614B9125D5856600191749 /* ExportPassportView.swift */ = {isa = PBXFileReference; lastKnownFileType = sourcecode.swift; path = ExportPassportView.swift; sourceTree = "<group>"; };
		A16EB22D22A9E9E10008F53F /* NFCPassportReaderApp.app */ = {isa = PBXFileReference; explicitFileType = wrapper.application; includeInIndex = 0; path = NFCPassportReaderApp.app; sourceTree = BUILT_PRODUCTS_DIR; };
		A16EB23022A9E9E10008F53F /* AppDelegate.swift */ = {isa = PBXFileReference; lastKnownFileType = sourcecode.swift; path = AppDelegate.swift; sourceTree = "<group>"; };
		A16EB23222A9E9E10008F53F /* SceneDelegate.swift */ = {isa = PBXFileReference; lastKnownFileType = sourcecode.swift; path = SceneDelegate.swift; sourceTree = "<group>"; };
		A16EB23922A9E9E20008F53F /* Assets.xcassets */ = {isa = PBXFileReference; lastKnownFileType = folder.assetcatalog; path = Assets.xcassets; sourceTree = "<group>"; };
		A16EB23C22A9E9E20008F53F /* Base */ = {isa = PBXFileReference; lastKnownFileType = file.storyboard; name = Base; path = Base.lproj/LaunchScreen.storyboard; sourceTree = "<group>"; };
		A16EB23E22A9E9E20008F53F /* Info.plist */ = {isa = PBXFileReference; lastKnownFileType = text.plist.xml; path = Info.plist; sourceTree = "<group>"; };
		A16EB24422A9EA000008F53F /* NFCPassportReader.entitlements */ = {isa = PBXFileReference; lastKnownFileType = text.plist.entitlements; path = NFCPassportReader.entitlements; sourceTree = "<group>"; };
		A17134BD22C8EF7100C457C3 /* MainView.swift */ = {isa = PBXFileReference; fileEncoding = 4; lastKnownFileType = sourcecode.swift; path = MainView.swift; sourceTree = "<group>"; };
		A17134BF22C8F0A600C457C3 /* PassportUtils.swift */ = {isa = PBXFileReference; fileEncoding = 4; lastKnownFileType = sourcecode.swift; path = PassportUtils.swift; sourceTree = "<group>"; };
		A17375F425F78B0C005995DA /* PACETests.swift */ = {isa = PBXFileReference; lastKnownFileType = sourcecode.swift; path = PACETests.swift; sourceTree = "<group>"; };
		A1769DF625D3E318006002D1 /* SettingsStore.swift */ = {isa = PBXFileReference; lastKnownFileType = sourcecode.swift; path = SettingsStore.swift; sourceTree = "<group>"; };
		A1816E9B22C9059F00F546A0 /* PassportView.swift */ = {isa = PBXFileReference; lastKnownFileType = sourcecode.swift; path = PassportView.swift; sourceTree = "<group>"; };
		A18248C12369D17300581384 /* DetailsView.swift */ = {isa = PBXFileReference; lastKnownFileType = sourcecode.swift; path = DetailsView.swift; sourceTree = "<group>"; };
		A182DE6025DD6F1300341204 /* StoredPassportView.swift */ = {isa = PBXFileReference; lastKnownFileType = sourcecode.swift; path = StoredPassportView.swift; sourceTree = "<group>"; };
		A182DE6225DD730D00341204 /* FileManagerExt.swift */ = {isa = PBXFileReference; lastKnownFileType = sourcecode.swift; path = FileManagerExt.swift; sourceTree = "<group>"; };
		A182DE6725DD7EA600341204 /* MRZScannerViewController.swift */ = {isa = PBXFileReference; lastKnownFileType = sourcecode.swift; path = MRZScannerViewController.swift; sourceTree = "<group>"; };
		A1A13B9425B8A29E0026074C /* UIApplicationExt.swift */ = {isa = PBXFileReference; lastKnownFileType = sourcecode.swift; path = UIApplicationExt.swift; sourceTree = "<group>"; };
		A1A4C0F625B5E4D70070908B /* Foundation.framework */ = {isa = PBXFileReference; lastKnownFileType = wrapper.framework; name = Foundation.framework; path = System/Library/Frameworks/Foundation.framework; sourceTree = SDKROOT; };
		A1C234C125DD19DE003FFD79 /* PassportSummaryView.swift */ = {isa = PBXFileReference; lastKnownFileType = sourcecode.swift; path = PassportSummaryView.swift; sourceTree = "<group>"; };
		A1CE83AB22C91D1300E3EACF /* StringExt.swift */ = {isa = PBXFileReference; lastKnownFileType = sourcecode.swift; path = StringExt.swift; sourceTree = "<group>"; };
		A1DD3F3E22C535F00067255C /* masterList.pem */ = {isa = PBXFileReference; fileEncoding = 4; lastKnownFileType = text; path = masterList.pem; sourceTree = "<group>"; };
		A1EBC50D2370B88D004DD19E /* NFCPassportReaderAppTests.xctest */ = {isa = PBXFileReference; explicitFileType = wrapper.cfbundle; includeInIndex = 0; path = NFCPassportReaderAppTests.xctest; sourceTree = BUILT_PRODUCTS_DIR; };
		A1EBC5112370B88D004DD19E /* Info.plist */ = {isa = PBXFileReference; lastKnownFileType = text.plist.xml; path = Info.plist; sourceTree = "<group>"; };
		A1EBC5212370BAB2004DD19E /* DataGroupParsingTests.swift */ = {isa = PBXFileReference; fileEncoding = 4; lastKnownFileType = sourcecode.swift; path = DataGroupParsingTests.swift; sourceTree = "<group>"; };
		A1EBC5222370BAB2004DD19E /* NFCPassportReaderTests.swift */ = {isa = PBXFileReference; fileEncoding = 4; lastKnownFileType = sourcecode.swift; path = NFCPassportReaderTests.swift; sourceTree = "<group>"; };
		A1FDC52D25D3F15D00D22FF4 /* SettingsView.swift */ = {isa = PBXFileReference; lastKnownFileType = sourcecode.swift; path = SettingsView.swift; sourceTree = "<group>"; };
		A1FDC53125D3F19E00D22FF4 /* ViewModifiers.swift */ = {isa = PBXFileReference; lastKnownFileType = sourcecode.swift; path = ViewModifiers.swift; sourceTree = "<group>"; };
		A1FDC53325D3F1DE00D22FF4 /* CheckBoxView.swift */ = {isa = PBXFileReference; lastKnownFileType = sourcecode.swift; path = CheckBoxView.swift; sourceTree = "<group>"; };
		A1FDC53525D43AB400D22FF4 /* MRZEntryView.swift */ = {isa = PBXFileReference; lastKnownFileType = sourcecode.swift; path = MRZEntryView.swift; sourceTree = "<group>"; };
		A7BD003B33886ED0F3F03325 /* Pods_NFCPassportReaderApp.framework */ = {isa = PBXFileReference; explicitFileType = wrapper.framework; includeInIndex = 0; path = Pods_NFCPassportReaderApp.framework; sourceTree = BUILT_PRODUCTS_DIR; };
		B239DD4BD3AA9ECF4F595D22 /* Pods-NFCPassportReaderApp.release.xcconfig */ = {isa = PBXFileReference; includeInIndex = 1; lastKnownFileType = text.xcconfig; name = "Pods-NFCPassportReaderApp.release.xcconfig"; path = "Target Support Files/Pods-NFCPassportReaderApp/Pods-NFCPassportReaderApp.release.xcconfig"; sourceTree = "<group>"; };
		DA39DA603B1A7EBD8FC38112 /* Pods_NFCPassportReaderAppTests.framework */ = {isa = PBXFileReference; explicitFileType = wrapper.framework; includeInIndex = 0; path = Pods_NFCPassportReaderAppTests.framework; sourceTree = BUILT_PRODUCTS_DIR; };
/* End PBXFileReference section */

/* Begin PBXFrameworksBuildPhase section */
		A16EB22A22A9E9E10008F53F /* Frameworks */ = {
			isa = PBXFrameworksBuildPhase;
			buildActionMask = 2147483647;
			files = (
				A1A4C0F725B5E4D70070908B /* Foundation.framework in Frameworks */,
				28BAEE044BE68A5986B97866 /* Pods_NFCPassportReaderApp.framework in Frameworks */,
			);
			runOnlyForDeploymentPostprocessing = 0;
		};
		A1EBC50A2370B88D004DD19E /* Frameworks */ = {
			isa = PBXFrameworksBuildPhase;
			buildActionMask = 2147483647;
			files = (
				8C4EEF9CDD6DAFEF26F8909A /* Pods_NFCPassportReaderAppTests.framework in Frameworks */,
			);
			runOnlyForDeploymentPostprocessing = 0;
		};
/* End PBXFrameworksBuildPhase section */

/* Begin PBXGroup section */
		A1298C9B25D539CD00F5713E /* HelperViews */ = {
			isa = PBXGroup;
			children = (
				A1FDC53325D3F1DE00D22FF4 /* CheckBoxView.swift */,
				A1298C9E25D53A5C00F5713E /* ViewExt.swift */,
				A1FDC53125D3F19E00D22FF4 /* ViewModifiers.swift */,
			);
			path = HelperViews;
			sourceTree = "<group>";
		};
		A16EB22422A9E9E10008F53F = {
			isa = PBXGroup;
			children = (
				A16EB22F22A9E9E10008F53F /* NFCPassportReaderApp */,
				A1EBC50E2370B88D004DD19E /* NFCPassportReaderAppTests */,
				A16EB22E22A9E9E10008F53F /* Products */,
				EE354654AF07CDA5F9366735 /* Pods */,
				A1A4C0E325B5D3370070908B /* Frameworks */,
			);
			sourceTree = "<group>";
		};
		A16EB22E22A9E9E10008F53F /* Products */ = {
			isa = PBXGroup;
			children = (
				A16EB22D22A9E9E10008F53F /* NFCPassportReaderApp.app */,
				A1EBC50D2370B88D004DD19E /* NFCPassportReaderAppTests.xctest */,
			);
			name = Products;
			sourceTree = "<group>";
		};
		A16EB22F22A9E9E10008F53F /* NFCPassportReaderApp */ = {
			isa = PBXGroup;
			children = (
				A16EB24422A9EA000008F53F /* NFCPassportReader.entitlements */,
				A1CE83AF22C91DB600E3EACF /* Model */,
				A182DE6425DD731900341204 /* Extensions */,
				A1CE83B022C91DF100E3EACF /* Views */,
				A16EB23022A9E9E10008F53F /* AppDelegate.swift */,
				A16EB23222A9E9E10008F53F /* SceneDelegate.swift */,
				A16EB23922A9E9E20008F53F /* Assets.xcassets */,
				A16EB23B22A9E9E20008F53F /* LaunchScreen.storyboard */,
				A16EB23E22A9E9E20008F53F /* Info.plist */,
				A1DD3F3E22C535F00067255C /* masterList.pem */,
				A1095E982588FBB100D2A46A /* CHANGELOG */,
				A1095E9B2589032D00D2A46A /* readme.md */,
			);
			path = NFCPassportReaderApp;
			sourceTree = "<group>";
		};
		A182DE6425DD731900341204 /* Extensions */ = {
			isa = PBXGroup;
			children = (
				A1CE83AB22C91D1300E3EACF /* StringExt.swift */,
				A182DE6225DD730D00341204 /* FileManagerExt.swift */,
				A1A13B9425B8A29E0026074C /* UIApplicationExt.swift */,
			);
			path = Extensions;
			sourceTree = "<group>";
		};
		A1A4C0E325B5D3370070908B /* Frameworks */ = {
			isa = PBXGroup;
			children = (
				A1A4C0F625B5E4D70070908B /* Foundation.framework */,
				A7BD003B33886ED0F3F03325 /* Pods_NFCPassportReaderApp.framework */,
				DA39DA603B1A7EBD8FC38112 /* Pods_NFCPassportReaderAppTests.framework */,
			);
			name = Frameworks;
			sourceTree = "<group>";
		};
		A1CE83AF22C91DB600E3EACF /* Model */ = {
			isa = PBXGroup;
			children = (
				A17134BF22C8F0A600C457C3 /* PassportUtils.swift */,
				A1769DF625D3E318006002D1 /* SettingsStore.swift */,
			);
			path = Model;
			sourceTree = "<group>";
		};
		A1CE83B022C91DF100E3EACF /* Views */ = {
			isa = PBXGroup;
			children = (
				A1298C9B25D539CD00F5713E /* HelperViews */,
				A17134BD22C8EF7100C457C3 /* MainView.swift */,
				A1FDC53525D43AB400D22FF4 /* MRZEntryView.swift */,
				A1FDC52D25D3F15D00D22FF4 /* SettingsView.swift */,
				A1816E9B22C9059F00F546A0 /* PassportView.swift */,
				A1C234C125DD19DE003FFD79 /* PassportSummaryView.swift */,
				A18248C12369D17300581384 /* DetailsView.swift */,
				A182DE6025DD6F1300341204 /* StoredPassportView.swift */,
				A1614B9125D5856600191749 /* ExportPassportView.swift */,
				A182DE6725DD7EA600341204 /* MRZScannerViewController.swift */,
			);
			path = Views;
			sourceTree = "<group>";
		};
		A1EBC50E2370B88D004DD19E /* NFCPassportReaderAppTests */ = {
			isa = PBXGroup;
			children = (
				A1EBC5212370BAB2004DD19E /* DataGroupParsingTests.swift */,
				A1EBC5222370BAB2004DD19E /* NFCPassportReaderTests.swift */,
				A1EBC5112370B88D004DD19E /* Info.plist */,
				A17375F425F78B0C005995DA /* PACETests.swift */,
			);
			path = NFCPassportReaderAppTests;
			sourceTree = "<group>";
		};
		EE354654AF07CDA5F9366735 /* Pods */ = {
			isa = PBXGroup;
			children = (
				574315DEF74ED0B9CC6A8DC7 /* Pods-NFCPassportReaderApp.debug.xcconfig */,
				B239DD4BD3AA9ECF4F595D22 /* Pods-NFCPassportReaderApp.release.xcconfig */,
				3B684038F7C81C32BA310074 /* Pods-NFCPassportReaderAppTests.debug.xcconfig */,
				29684A8780D423313153D8B6 /* Pods-NFCPassportReaderAppTests.release.xcconfig */,
			);
			path = Pods;
			sourceTree = "<group>";
		};
/* End PBXGroup section */

/* Begin PBXNativeTarget section */
		A16EB22C22A9E9E10008F53F /* NFCPassportReaderApp */ = {
			isa = PBXNativeTarget;
			buildConfigurationList = A16EB24122A9E9E20008F53F /* Build configuration list for PBXNativeTarget "NFCPassportReaderApp" */;
			buildPhases = (
				441F58E6FEE1B28C771C6B72 /* [CP] Check Pods Manifest.lock */,
				A16EB22922A9E9E10008F53F /* Sources */,
				A16EB22A22A9E9E10008F53F /* Frameworks */,
				A16EB22B22A9E9E10008F53F /* Resources */,
				4E62328E60F074D699104549 /* [CP] Embed Pods Frameworks */,
			);
			buildRules = (
			);
			dependencies = (
			);
			name = NFCPassportReaderApp;
			productName = NFCTest;
			productReference = A16EB22D22A9E9E10008F53F /* NFCPassportReaderApp.app */;
			productType = "com.apple.product-type.application";
		};
		A1EBC50C2370B88D004DD19E /* NFCPassportReaderAppTests */ = {
			isa = PBXNativeTarget;
			buildConfigurationList = A1EBC5162370B88D004DD19E /* Build configuration list for PBXNativeTarget "NFCPassportReaderAppTests" */;
			buildPhases = (
				11A5FABC15C673E24DA3F0C2 /* [CP] Check Pods Manifest.lock */,
				A1EBC5092370B88D004DD19E /* Sources */,
				A1EBC50A2370B88D004DD19E /* Frameworks */,
				A1EBC50B2370B88D004DD19E /* Resources */,
			);
			buildRules = (
			);
			dependencies = (
				A1EBC5132370B88D004DD19E /* PBXTargetDependency */,
			);
			name = NFCPassportReaderAppTests;
			productName = NFCPassportReaderAppTests;
			productReference = A1EBC50D2370B88D004DD19E /* NFCPassportReaderAppTests.xctest */;
			productType = "com.apple.product-type.bundle.unit-test";
		};
/* End PBXNativeTarget section */

/* Begin PBXProject section */
		A16EB22522A9E9E10008F53F /* Project object */ = {
			isa = PBXProject;
			attributes = {
				LastSwiftUpdateCheck = 1120;
				LastUpgradeCheck = 1100;
				ORGANIZATIONNAME = "Andy Qua";
				TargetAttributes = {
					A16EB22C22A9E9E10008F53F = {
						CreatedOnToolsVersion = 11.0;
						LastSwiftMigration = 1100;
					};
					A1EBC50C2370B88D004DD19E = {
						CreatedOnToolsVersion = 11.2;
						TestTargetID = A16EB22C22A9E9E10008F53F;
					};
				};
			};
			buildConfigurationList = A16EB22822A9E9E10008F53F /* Build configuration list for PBXProject "NFCPassportReaderApp" */;
			compatibilityVersion = "Xcode 9.3";
			developmentRegion = en;
			hasScannedForEncodings = 0;
			knownRegions = (
				en,
				Base,
			);
			mainGroup = A16EB22422A9E9E10008F53F;
			productRefGroup = A16EB22E22A9E9E10008F53F /* Products */;
			projectDirPath = "";
			projectRoot = "";
			targets = (
				A16EB22C22A9E9E10008F53F /* NFCPassportReaderApp */,
				A1EBC50C2370B88D004DD19E /* NFCPassportReaderAppTests */,
			);
		};
/* End PBXProject section */

/* Begin PBXResourcesBuildPhase section */
		A16EB22B22A9E9E10008F53F /* Resources */ = {
			isa = PBXResourcesBuildPhase;
			buildActionMask = 2147483647;
			files = (
				A16EB23D22A9E9E20008F53F /* LaunchScreen.storyboard in Resources */,
				A1DD3F3F22C535F10067255C /* masterList.pem in Resources */,
				A16EB23A22A9E9E20008F53F /* Assets.xcassets in Resources */,
			);
			runOnlyForDeploymentPostprocessing = 0;
		};
		A1EBC50B2370B88D004DD19E /* Resources */ = {
			isa = PBXResourcesBuildPhase;
			buildActionMask = 2147483647;
			files = (
			);
			runOnlyForDeploymentPostprocessing = 0;
		};
/* End PBXResourcesBuildPhase section */

/* Begin PBXShellScriptBuildPhase section */
		11A5FABC15C673E24DA3F0C2 /* [CP] Check Pods Manifest.lock */ = {
			isa = PBXShellScriptBuildPhase;
			buildActionMask = 2147483647;
			files = (
			);
			inputFileListPaths = (
			);
			inputPaths = (
				"${PODS_PODFILE_DIR_PATH}/Podfile.lock",
				"${PODS_ROOT}/Manifest.lock",
			);
			name = "[CP] Check Pods Manifest.lock";
			outputFileListPaths = (
			);
			outputPaths = (
				"$(DERIVED_FILE_DIR)/Pods-NFCPassportReaderAppTests-checkManifestLockResult.txt",
			);
			runOnlyForDeploymentPostprocessing = 0;
			shellPath = /bin/sh;
			shellScript = "diff \"${PODS_PODFILE_DIR_PATH}/Podfile.lock\" \"${PODS_ROOT}/Manifest.lock\" > /dev/null\nif [ $? != 0 ] ; then\n    # print error to STDERR\n    echo \"error: The sandbox is not in sync with the Podfile.lock. Run 'pod install' or update your CocoaPods installation.\" >&2\n    exit 1\nfi\n# This output is used by Xcode 'outputs' to avoid re-running this script phase.\necho \"SUCCESS\" > \"${SCRIPT_OUTPUT_FILE_0}\"\n";
			showEnvVarsInLog = 0;
		};
		441F58E6FEE1B28C771C6B72 /* [CP] Check Pods Manifest.lock */ = {
			isa = PBXShellScriptBuildPhase;
			buildActionMask = 2147483647;
			files = (
			);
			inputFileListPaths = (
			);
			inputPaths = (
				"${PODS_PODFILE_DIR_PATH}/Podfile.lock",
				"${PODS_ROOT}/Manifest.lock",
			);
			name = "[CP] Check Pods Manifest.lock";
			outputFileListPaths = (
			);
			outputPaths = (
				"$(DERIVED_FILE_DIR)/Pods-NFCPassportReaderApp-checkManifestLockResult.txt",
			);
			runOnlyForDeploymentPostprocessing = 0;
			shellPath = /bin/sh;
			shellScript = "diff \"${PODS_PODFILE_DIR_PATH}/Podfile.lock\" \"${PODS_ROOT}/Manifest.lock\" > /dev/null\nif [ $? != 0 ] ; then\n    # print error to STDERR\n    echo \"error: The sandbox is not in sync with the Podfile.lock. Run 'pod install' or update your CocoaPods installation.\" >&2\n    exit 1\nfi\n# This output is used by Xcode 'outputs' to avoid re-running this script phase.\necho \"SUCCESS\" > \"${SCRIPT_OUTPUT_FILE_0}\"\n";
			showEnvVarsInLog = 0;
		};
		4E62328E60F074D699104549 /* [CP] Embed Pods Frameworks */ = {
			isa = PBXShellScriptBuildPhase;
			buildActionMask = 2147483647;
			files = (
			);
			inputFileListPaths = (
				"${PODS_ROOT}/Target Support Files/Pods-NFCPassportReaderApp/Pods-NFCPassportReaderApp-frameworks-${CONFIGURATION}-input-files.xcfilelist",
			);
			name = "[CP] Embed Pods Frameworks";
			outputFileListPaths = (
				"${PODS_ROOT}/Target Support Files/Pods-NFCPassportReaderApp/Pods-NFCPassportReaderApp-frameworks-${CONFIGURATION}-output-files.xcfilelist",
			);
			runOnlyForDeploymentPostprocessing = 0;
			shellPath = /bin/sh;
			shellScript = "\"${PODS_ROOT}/Target Support Files/Pods-NFCPassportReaderApp/Pods-NFCPassportReaderApp-frameworks.sh\"\n";
			showEnvVarsInLog = 0;
		};
/* End PBXShellScriptBuildPhase section */

/* Begin PBXSourcesBuildPhase section */
		A16EB22922A9E9E10008F53F /* Sources */ = {
			isa = PBXSourcesBuildPhase;
			buildActionMask = 2147483647;
			files = (
				A182DE6825DD7EA600341204 /* MRZScannerViewController.swift in Sources */,
				A1CE83AC22C91D1300E3EACF /* StringExt.swift in Sources */,
				A1FDC53625D43AB400D22FF4 /* MRZEntryView.swift in Sources */,
				A17134BE22C8EF7200C457C3 /* MainView.swift in Sources */,
				A16EB23122A9E9E10008F53F /* AppDelegate.swift in Sources */,
				A1816E9C22C9059F00F546A0 /* PassportView.swift in Sources */,
				A1769DF725D3E318006002D1 /* SettingsStore.swift in Sources */,
				A1298C9F25D53A5C00F5713E /* ViewExt.swift in Sources */,
				A182DE6325DD730D00341204 /* FileManagerExt.swift in Sources */,
				A1FDC52E25D3F15D00D22FF4 /* SettingsView.swift in Sources */,
				A182DE6125DD6F1300341204 /* StoredPassportView.swift in Sources */,
				A1FDC53225D3F19E00D22FF4 /* ViewModifiers.swift in Sources */,
				A1C234C225DD19DE003FFD79 /* PassportSummaryView.swift in Sources */,
				A1614B9225D5856600191749 /* ExportPassportView.swift in Sources */,
				A18248C22369D17300581384 /* DetailsView.swift in Sources */,
				A1FDC53425D3F1DE00D22FF4 /* CheckBoxView.swift in Sources */,
				A1A13B9525B8A29E0026074C /* UIApplicationExt.swift in Sources */,
				A16EB23322A9E9E10008F53F /* SceneDelegate.swift in Sources */,
				A17134C022C8F0A600C457C3 /* PassportUtils.swift in Sources */,
			);
			runOnlyForDeploymentPostprocessing = 0;
		};
		A1EBC5092370B88D004DD19E /* Sources */ = {
			isa = PBXSourcesBuildPhase;
			buildActionMask = 2147483647;
			files = (
				A1EBC5252370BAB2004DD19E /* NFCPassportReaderTests.swift in Sources */,
				A17375F525F78B0D005995DA /* PACETests.swift in Sources */,
				A1EBC5242370BAB2004DD19E /* DataGroupParsingTests.swift in Sources */,
			);
			runOnlyForDeploymentPostprocessing = 0;
		};
/* End PBXSourcesBuildPhase section */

/* Begin PBXTargetDependency section */
		A1EBC5132370B88D004DD19E /* PBXTargetDependency */ = {
			isa = PBXTargetDependency;
			target = A16EB22C22A9E9E10008F53F /* NFCPassportReaderApp */;
			targetProxy = A1EBC5122370B88D004DD19E /* PBXContainerItemProxy */;
		};
/* End PBXTargetDependency section */

/* Begin PBXVariantGroup section */
		A16EB23B22A9E9E20008F53F /* LaunchScreen.storyboard */ = {
			isa = PBXVariantGroup;
			children = (
				A16EB23C22A9E9E20008F53F /* Base */,
			);
			name = LaunchScreen.storyboard;
			sourceTree = "<group>";
		};
/* End PBXVariantGroup section */

/* Begin XCBuildConfiguration section */
		A16EB23F22A9E9E20008F53F /* Debug */ = {
			isa = XCBuildConfiguration;
			buildSettings = {
				ALWAYS_SEARCH_USER_PATHS = NO;
				CLANG_ANALYZER_NONNULL = YES;
				CLANG_ANALYZER_NUMBER_OBJECT_CONVERSION = YES_AGGRESSIVE;
				CLANG_CXX_LANGUAGE_STANDARD = "gnu++14";
				CLANG_CXX_LIBRARY = "libc++";
				CLANG_ENABLE_MODULES = YES;
				CLANG_ENABLE_OBJC_ARC = YES;
				CLANG_ENABLE_OBJC_WEAK = YES;
				CLANG_WARN_BLOCK_CAPTURE_AUTORELEASING = YES;
				CLANG_WARN_BOOL_CONVERSION = YES;
				CLANG_WARN_COMMA = YES;
				CLANG_WARN_CONSTANT_CONVERSION = YES;
				CLANG_WARN_DEPRECATED_OBJC_IMPLEMENTATIONS = YES;
				CLANG_WARN_DIRECT_OBJC_ISA_USAGE = YES_ERROR;
				CLANG_WARN_DOCUMENTATION_COMMENTS = YES;
				CLANG_WARN_EMPTY_BODY = YES;
				CLANG_WARN_ENUM_CONVERSION = YES;
				CLANG_WARN_INFINITE_RECURSION = YES;
				CLANG_WARN_INT_CONVERSION = YES;
				CLANG_WARN_NON_LITERAL_NULL_CONVERSION = YES;
				CLANG_WARN_OBJC_IMPLICIT_RETAIN_SELF = YES;
				CLANG_WARN_OBJC_LITERAL_CONVERSION = YES;
				CLANG_WARN_OBJC_ROOT_CLASS = YES_ERROR;
				CLANG_WARN_RANGE_LOOP_ANALYSIS = YES;
				CLANG_WARN_STRICT_PROTOTYPES = YES;
				CLANG_WARN_SUSPICIOUS_MOVE = YES;
				CLANG_WARN_UNGUARDED_AVAILABILITY = YES_AGGRESSIVE;
				CLANG_WARN_UNREACHABLE_CODE = YES;
				CLANG_WARN__DUPLICATE_METHOD_MATCH = YES;
				COPY_PHASE_STRIP = NO;
				DEBUG_INFORMATION_FORMAT = dwarf;
				ENABLE_STRICT_OBJC_MSGSEND = YES;
				ENABLE_TESTABILITY = YES;
				GCC_C_LANGUAGE_STANDARD = gnu11;
				GCC_DYNAMIC_NO_PIC = NO;
				GCC_NO_COMMON_BLOCKS = YES;
				GCC_OPTIMIZATION_LEVEL = 0;
				GCC_PREPROCESSOR_DEFINITIONS = (
					"DEBUG=1",
					"$(inherited)",
				);
				GCC_WARN_64_TO_32_BIT_CONVERSION = YES;
				GCC_WARN_ABOUT_RETURN_TYPE = YES_ERROR;
				GCC_WARN_UNDECLARED_SELECTOR = YES;
				GCC_WARN_UNINITIALIZED_AUTOS = YES_AGGRESSIVE;
				GCC_WARN_UNUSED_FUNCTION = YES;
				GCC_WARN_UNUSED_VARIABLE = YES;
				IPHONEOS_DEPLOYMENT_TARGET = 13.0;
				MTL_ENABLE_DEBUG_INFO = INCLUDE_SOURCE;
				MTL_FAST_MATH = YES;
				ONLY_ACTIVE_ARCH = YES;
				SDKROOT = iphoneos;
				SWIFT_ACTIVE_COMPILATION_CONDITIONS = DEBUG;
				SWIFT_OPTIMIZATION_LEVEL = "-Onone";
			};
			name = Debug;
		};
		A16EB24022A9E9E20008F53F /* Release */ = {
			isa = XCBuildConfiguration;
			buildSettings = {
				ALWAYS_SEARCH_USER_PATHS = NO;
				CLANG_ANALYZER_NONNULL = YES;
				CLANG_ANALYZER_NUMBER_OBJECT_CONVERSION = YES_AGGRESSIVE;
				CLANG_CXX_LANGUAGE_STANDARD = "gnu++14";
				CLANG_CXX_LIBRARY = "libc++";
				CLANG_ENABLE_MODULES = YES;
				CLANG_ENABLE_OBJC_ARC = YES;
				CLANG_ENABLE_OBJC_WEAK = YES;
				CLANG_WARN_BLOCK_CAPTURE_AUTORELEASING = YES;
				CLANG_WARN_BOOL_CONVERSION = YES;
				CLANG_WARN_COMMA = YES;
				CLANG_WARN_CONSTANT_CONVERSION = YES;
				CLANG_WARN_DEPRECATED_OBJC_IMPLEMENTATIONS = YES;
				CLANG_WARN_DIRECT_OBJC_ISA_USAGE = YES_ERROR;
				CLANG_WARN_DOCUMENTATION_COMMENTS = YES;
				CLANG_WARN_EMPTY_BODY = YES;
				CLANG_WARN_ENUM_CONVERSION = YES;
				CLANG_WARN_INFINITE_RECURSION = YES;
				CLANG_WARN_INT_CONVERSION = YES;
				CLANG_WARN_NON_LITERAL_NULL_CONVERSION = YES;
				CLANG_WARN_OBJC_IMPLICIT_RETAIN_SELF = YES;
				CLANG_WARN_OBJC_LITERAL_CONVERSION = YES;
				CLANG_WARN_OBJC_ROOT_CLASS = YES_ERROR;
				CLANG_WARN_RANGE_LOOP_ANALYSIS = YES;
				CLANG_WARN_STRICT_PROTOTYPES = YES;
				CLANG_WARN_SUSPICIOUS_MOVE = YES;
				CLANG_WARN_UNGUARDED_AVAILABILITY = YES_AGGRESSIVE;
				CLANG_WARN_UNREACHABLE_CODE = YES;
				CLANG_WARN__DUPLICATE_METHOD_MATCH = YES;
				COPY_PHASE_STRIP = NO;
				DEBUG_INFORMATION_FORMAT = "dwarf-with-dsym";
				ENABLE_NS_ASSERTIONS = NO;
				ENABLE_STRICT_OBJC_MSGSEND = YES;
				GCC_C_LANGUAGE_STANDARD = gnu11;
				GCC_NO_COMMON_BLOCKS = YES;
				GCC_WARN_64_TO_32_BIT_CONVERSION = YES;
				GCC_WARN_ABOUT_RETURN_TYPE = YES_ERROR;
				GCC_WARN_UNDECLARED_SELECTOR = YES;
				GCC_WARN_UNINITIALIZED_AUTOS = YES_AGGRESSIVE;
				GCC_WARN_UNUSED_FUNCTION = YES;
				GCC_WARN_UNUSED_VARIABLE = YES;
				IPHONEOS_DEPLOYMENT_TARGET = 13.0;
				MTL_ENABLE_DEBUG_INFO = NO;
				MTL_FAST_MATH = YES;
				SDKROOT = iphoneos;
				SWIFT_COMPILATION_MODE = wholemodule;
				SWIFT_OPTIMIZATION_LEVEL = "-O";
				VALIDATE_PRODUCT = YES;
			};
			name = Release;
		};
		A16EB24222A9E9E20008F53F /* Debug */ = {
			isa = XCBuildConfiguration;
			baseConfigurationReference = 574315DEF74ED0B9CC6A8DC7 /* Pods-NFCPassportReaderApp.debug.xcconfig */;
			buildSettings = {
				ASSETCATALOG_COMPILER_APPICON_NAME = AppIcon;
				CLANG_ENABLE_MODULES = YES;
				CODE_SIGN_ENTITLEMENTS = NFCPassportReaderApp/NFCPassportReader.entitlements;
				CODE_SIGN_STYLE = Automatic;
				CURRENT_PROJECT_VERSION = 3.1;
				DEVELOPMENT_TEAM = A4ZM73UFF5;
				INFOPLIST_FILE = NFCPassportReaderApp/Info.plist;
				IPHONEOS_DEPLOYMENT_TARGET = 14.1;
				LD_RUNPATH_SEARCH_PATHS = (
					"$(inherited)",
					"@executable_path/Frameworks",
				);
				MARKETING_VERSION = 1.1;
				PRODUCT_BUNDLE_IDENTIFIER = "com.andyquaExample-NFCPassportReaderAppTests-PACETests.swift.nfcpassportreader";
				PRODUCT_NAME = "$(TARGET_NAME)";
				SWIFT_OPTIMIZATION_LEVEL = "-Onone";
				SWIFT_VERSION = 5.0;
				TARGETED_DEVICE_FAMILY = 1;
			};
			name = Debug;
		};
		A16EB24322A9E9E20008F53F /* Release */ = {
			isa = XCBuildConfiguration;
			baseConfigurationReference = B239DD4BD3AA9ECF4F595D22 /* Pods-NFCPassportReaderApp.release.xcconfig */;
			buildSettings = {
				ASSETCATALOG_COMPILER_APPICON_NAME = AppIcon;
				CLANG_ENABLE_MODULES = YES;
				CODE_SIGN_ENTITLEMENTS = NFCPassportReaderApp/NFCPassportReader.entitlements;
				CODE_SIGN_STYLE = Automatic;
				CURRENT_PROJECT_VERSION = 3.1;
				DEVELOPMENT_TEAM = A4ZM73UFF5;
				INFOPLIST_FILE = NFCPassportReaderApp/Info.plist;
				IPHONEOS_DEPLOYMENT_TARGET = 14.1;
				LD_RUNPATH_SEARCH_PATHS = (
					"$(inherited)",
					"@executable_path/Frameworks",
				);
				MARKETING_VERSION = 1.1;
				PRODUCT_BUNDLE_IDENTIFIER = "com.andyquaExample-NFCPassportReaderAppTests-PACETests.swift.nfcpassportreader";
				PRODUCT_NAME = "$(TARGET_NAME)";
				SWIFT_VERSION = 5.0;
				TARGETED_DEVICE_FAMILY = 1;
			};
			name = Release;
		};
		A1EBC5142370B88D004DD19E /* Debug */ = {
			isa = XCBuildConfiguration;
			baseConfigurationReference = 3B684038F7C81C32BA310074 /* Pods-NFCPassportReaderAppTests.debug.xcconfig */;
			buildSettings = {
				BUNDLE_LOADER = "$(TEST_HOST)";
				CODE_SIGN_STYLE = Automatic;
				DEVELOPMENT_TEAM = A4ZM73UFF5;
				INFOPLIST_FILE = NFCPassportReaderAppTests/Info.plist;
				IPHONEOS_DEPLOYMENT_TARGET = 13.2;
				LD_RUNPATH_SEARCH_PATHS = (
					"$(inherited)",
					"@executable_path/Frameworks",
					"@loader_path/Frameworks",
				);
				PRODUCT_BUNDLE_IDENTIFIER = com.andyqua.NFCPassportReaderAppTests;
				PRODUCT_NAME = "$(TARGET_NAME)";
				SWIFT_VERSION = 5.0;
				TARGETED_DEVICE_FAMILY = "1,2";
				TEST_HOST = "$(BUILT_PRODUCTS_DIR)/NFCPassportReaderApp.app/NFCPassportReaderApp";
			};
			name = Debug;
		};
		A1EBC5152370B88D004DD19E /* Release */ = {
			isa = XCBuildConfiguration;
			baseConfigurationReference = 29684A8780D423313153D8B6 /* Pods-NFCPassportReaderAppTests.release.xcconfig */;
			buildSettings = {
				BUNDLE_LOADER = "$(TEST_HOST)";
				CODE_SIGN_STYLE = Automatic;
				DEVELOPMENT_TEAM = A4ZM73UFF5;
				INFOPLIST_FILE = NFCPassportReaderAppTests/Info.plist;
				IPHONEOS_DEPLOYMENT_TARGET = 13.2;
				LD_RUNPATH_SEARCH_PATHS = (
					"$(inherited)",
					"@executable_path/Frameworks",
					"@loader_path/Frameworks",
				);
				PRODUCT_BUNDLE_IDENTIFIER = com.andyqua.NFCPassportReaderAppTests;
				PRODUCT_NAME = "$(TARGET_NAME)";
				SWIFT_VERSION = 5.0;
				TARGETED_DEVICE_FAMILY = "1,2";
				TEST_HOST = "$(BUILT_PRODUCTS_DIR)/NFCPassportReaderApp.app/NFCPassportReaderApp";
			};
			name = Release;
		};
/* End XCBuildConfiguration section */

/* Begin XCConfigurationList section */
		A16EB22822A9E9E10008F53F /* Build configuration list for PBXProject "NFCPassportReaderApp" */ = {
			isa = XCConfigurationList;
			buildConfigurations = (
				A16EB23F22A9E9E20008F53F /* Debug */,
				A16EB24022A9E9E20008F53F /* Release */,
			);
			defaultConfigurationIsVisible = 0;
			defaultConfigurationName = Release;
		};
		A16EB24122A9E9E20008F53F /* Build configuration list for PBXNativeTarget "NFCPassportReaderApp" */ = {
			isa = XCConfigurationList;
			buildConfigurations = (
				A16EB24222A9E9E20008F53F /* Debug */,
				A16EB24322A9E9E20008F53F /* Release */,
			);
			defaultConfigurationIsVisible = 0;
			defaultConfigurationName = Release;
		};
		A1EBC5162370B88D004DD19E /* Build configuration list for PBXNativeTarget "NFCPassportReaderAppTests" */ = {
			isa = XCConfigurationList;
			buildConfigurations = (
				A1EBC5142370B88D004DD19E /* Debug */,
				A1EBC5152370B88D004DD19E /* Release */,
			);
			defaultConfigurationIsVisible = 0;
			defaultConfigurationName = Release;
		};
/* End XCConfigurationList section */
	};
	rootObject = A16EB22522A9E9E10008F53F /* Project object */;
}
